
Microsoft Visual Studio Solution File, Format Version 12.00
# Visual Studio 15
VisualStudioVersion = 15.0.28307.421
MinimumVisualStudioVersion = 10.0.40219.1
Project("{9A19103F-16F7-4668-BE54-9A1E7A4F7556}") = "PaymentGateway", "PaymentGateway\PaymentGateway.csproj", "{0854CE0F-1770-4C36-AA93-627C7517A20B}"
EndProject
Project("{9A19103F-16F7-4668-BE54-9A1E7A4F7556}") = "PaymentGateway.Models", "PaymentGateway.Models\PaymentGateway.Models.csproj", "{0880E97A-B669-4DD0-85EA-B1B0137A2ED0}"
EndProject
Project("{9A19103F-16F7-4668-BE54-9A1E7A4F7556}") = "PaymentGateway.DataLayer", "DataLayer\PaymentGateway.DataLayer.csproj", "{E8E30D8D-ABC4-4DB0-9305-4EF5826013AE}"
EndProject
Global
	GlobalSection(SolutionConfigurationPlatforms) = preSolution
		Debug|Any CPU = Debug|Any CPU
		Release|Any CPU = Release|Any CPU
	EndGlobalSection
	GlobalSection(ProjectConfigurationPlatforms) = postSolution
		{0854CE0F-1770-4C36-AA93-627C7517A20B}.Debug|Any CPU.ActiveCfg = Debug|Any CPU
		{0854CE0F-1770-4C36-AA93-627C7517A20B}.Debug|Any CPU.Build.0 = Debug|Any CPU
		{0854CE0F-1770-4C36-AA93-627C7517A20B}.Release|Any CPU.ActiveCfg = Release|Any CPU
		{0854CE0F-1770-4C36-AA93-627C7517A20B}.Release|Any CPU.Build.0 = Release|Any CPU
		{0880E97A-B669-4DD0-85EA-B1B0137A2ED0}.Debug|Any CPU.ActiveCfg = Debug|Any CPU
		{0880E97A-B669-4DD0-85EA-B1B0137A2ED0}.Debug|Any CPU.Build.0 = Debug|Any CPU
		{0880E97A-B669-4DD0-85EA-B1B0137A2ED0}.Release|Any CPU.ActiveCfg = Release|Any CPU
		{0880E97A-B669-4DD0-85EA-B1B0137A2ED0}.Release|Any CPU.Build.0 = Release|Any CPU
		{E8E30D8D-ABC4-4DB0-9305-4EF5826013AE}.Debug|Any CPU.ActiveCfg = Debug|Any CPU
		{E8E30D8D-ABC4-4DB0-9305-4EF5826013AE}.Debug|Any CPU.Build.0 = Debug|Any CPU
		{E8E30D8D-ABC4-4DB0-9305-4EF5826013AE}.Release|Any CPU.ActiveCfg = Release|Any CPU
		{E8E30D8D-ABC4-4DB0-9305-4EF5826013AE}.Release|Any CPU.Build.0 = Release|Any CPU
	EndGlobalSection
	GlobalSection(SolutionProperties) = preSolution
		HideSolutionNode = FALSE
	EndGlobalSection
	GlobalSection(ExtensibilityGlobals) = postSolution
		SolutionGuid = {EF99D8CA-0A80-4AEB-A517-ABFF650A16D0}
	EndGlobalSection
EndGlobal
